<?xml version="1.0" encoding="utf-8"?>
<Project ToolsVersion="4.0" xmlns="http://schemas.microsoft.com/developer/msbuild/2003">
  <ItemGroup>
    <Filter Include="소스 파일">
      <UniqueIdentifier>{4FC737F1-C7A5-4376-A066-2A32D752A2FF}</UniqueIdentifier>
      <Extensions>cpp;c;cc;cxx;def;odl;idl;hpj;bat;asm;asmx</Extensions>
    </Filter>
    <Filter Include="헤더 파일">
      <UniqueIdentifier>{93995380-89BD-4b04-88EB-625FBE52EBFB}</UniqueIdentifier>
      <Extensions>h;hh;hpp;hxx;hm;inl;inc;xsd</Extensions>
    </Filter>
    <Filter Include="리소스 파일">
      <UniqueIdentifier>{67DA6AB6-F800-4c08-8B7A-83BB121AAD01}</UniqueIdentifier>
      <Extensions>rc;ico;cur;bmp;dlg;rc2;rct;bin;rgs;gif;jpg;jpeg;jpe;resx;tiff;tif;png;wav;mfcribbon-ms</Extensions>
    </Filter>
    <Filter Include="소스 파일\99.Default">
      <UniqueIdentifier>{4e8dc5d6-0003-494b-9e85-6d53de8abb6b}</UniqueIdentifier>
    </Filter>
    <Filter Include="헤더 파일\Inlcude">
      <UniqueIdentifier>{02f3b3b6-1d83-47cd-99d5-bb31fae55b2e}</UniqueIdentifier>
    </Filter>
    <Filter Include="소스 파일\00.MainGame">
      <UniqueIdentifier>{c9d1ef44-e237-452b-8dc0-e314b74a1c12}</UniqueIdentifier>
    </Filter>
    <Filter Include="소스 파일\01.Obj">
      <UniqueIdentifier>{a71c5d7e-6f55-465d-ac36-48e63cefef95}</UniqueIdentifier>
    </Filter>
    <Filter Include="소스 파일\01.Obj\01.Player">
      <UniqueIdentifier>{d1ff6576-fc36-4257-a0c6-67b9ee836c8d}</UniqueIdentifier>
    </Filter>
    <Filter Include="소스 파일\01.Obj\02.Monster">
      <UniqueIdentifier>{d5bf0ca4-0dd3-4412-b4e9-3abbda47c426}</UniqueIdentifier>
    </Filter>
    <Filter Include="소스 파일\02.Field">
      <UniqueIdentifier>{772f335c-2569-4583-878b-905e8f8a7036}</UniqueIdentifier>
    </Filter>
    <Filter Include="소스 파일\01.Obj\03.Item">
      <UniqueIdentifier>{9fcd562f-c35b-4285-a5fe-550cb0583dd5}</UniqueIdentifier>
    </Filter>
    <Filter Include="소스 파일\03.Shop">
      <UniqueIdentifier>{0c80f6d7-c9fc-48d8-bdf5-cdcef47220dc}</UniqueIdentifier>
    </Filter>
    <Filter Include="소스 파일\04.Inven">
      <UniqueIdentifier>{e928a3fb-d3bb-4539-bc0e-df56d506f22d}</UniqueIdentifier>
    </Filter>
  </ItemGroup>
  <ItemGroup>
    <ClInclude Include="stdafx.h">
      <Filter>헤더 파일</Filter>
    </ClInclude>
    <ClInclude Include="targetver.h">
      <Filter>소스 파일\99.Default</Filter>
    </ClInclude>
    <ClInclude Include="Include.h">
      <Filter>헤더 파일</Filter>
    </ClInclude>
    <ClInclude Include="Struct.h">
      <Filter>헤더 파일\Inlcude</Filter>
    </ClInclude>
    <ClInclude Include="Enum.h">
      <Filter>헤더 파일\Inlcude</Filter>
    </ClInclude>
    <ClInclude Include="Define.h">
      <Filter>헤더 파일\Inlcude</Filter>
    </ClInclude>
    <ClInclude Include="MainGame.h">
      <Filter>소스 파일\00.MainGame</Filter>
    </ClInclude>
    <ClInclude Include="Player.h">
      <Filter>소스 파일\01.Obj\01.Player</Filter>
    </ClInclude>
    <ClInclude Include="Monster.h">
      <Filter>소스 파일\01.Obj\02.Monster</Filter>
    </ClInclude>
    <ClInclude Include="Field.h">
      <Filter>소스 파일\02.Field</Filter>
    </ClInclude>
    <ClInclude Include="Obj.h">
      <Filter>소스 파일\01.Obj</Filter>
    </ClInclude>
    <ClInclude Include="Item.h">
      <Filter>소스 파일\01.Obj\03.Item</Filter>
    </ClInclude>
    <ClInclude Include="Shop.h">
      <Filter>소스 파일\03.Shop</Filter>
    </ClInclude>
    <ClInclude Include="Inven.h">
      <Filter>소스 파일\04.Inven</Filter>
    </ClInclude>
    <ClInclude Include="Function.h">
      <Filter>헤더 파일\Inlcude</Filter>
    </ClInclude>
  </ItemGroup>
  <ItemGroup>
    <ClCompile Include="stdafx.cpp">
      <Filter>소스 파일\99.Default</Filter>
    </ClCompile>
    <ClCompile Include="MainGame.cpp">
      <Filter>소스 파일\00.MainGame</Filter>
    </ClCompile>
    <ClCompile Include="Player.cpp">
      <Filter>소스 파일\01.Obj\01.Player</Filter>
    </ClCompile>
    <ClCompile Include="Monster.cpp">
      <Filter>소스 파일\01.Obj\02.Monster</Filter>
    </ClCompile>
    <ClCompile Include="TextRPG.cpp">
      <Filter>소스 파일</Filter>
    </ClCompile>
    <ClCompile Include="Field.cpp">
      <Filter>소스 파일\02.Field</Filter>
    </ClCompile>
    <ClCompile Include="Obj.cpp">
      <Filter>소스 파일\01.Obj</Filter>
    </ClCompile>
    <ClCompile Include="Item.cpp">
      <Filter>소스 파일\01.Obj\03.Item</Filter>
    </ClCompile>
    <ClCompile Include="Shop.cpp">
      <Filter>소스 파일\03.Shop</Filter>
    </ClCompile>
    <ClCompile Include="Inven.cpp">
      <Filter>소스 파일\04.Inven</Filter>
    </ClCompile>
  </ItemGroup>
  <ItemGroup>
    <Text Include="ReadMe.txt">
      <Filter>소스 파일\99.Default</Filter>
    </Text>
  </ItemGroup>
</Project>